
Microsoft Visual Studio Solution File, Format Version 12.00
# Visual Studio Version 16
VisualStudioVersion = 16.0.31129.286
MinimumVisualStudioVersion = 10.0.40219.1
Project("{9A19103F-16F7-4668-BE54-9A1E7A4F7556}") = "BlogLab.Web", "BlogLab.Web\BlogLab.Web.csproj", "{0B36EB4E-F935-4EB8-8140-577F7F8E1E4A}"
EndProject
Project("{FAE04EC0-301F-11D3-BF4B-00C04F79EFBC}") = "BlogLab.Models", "BlogLab.Models\BlogLab.Models.csproj", "{D318669B-294E-4AEC-A692-A212CA73BABE}"
EndProject
Global
	GlobalSection(SolutionConfigurationPlatforms) = preSolution
		Debug|Any CPU = Debug|Any CPU
		Release|Any CPU = Release|Any CPU
	EndGlobalSection
	GlobalSection(ProjectConfigurationPlatforms) = postSolution
		{0B36EB4E-F935-4EB8-8140-577F7F8E1E4A}.Debug|Any CPU.ActiveCfg = Debug|Any CPU
		{0B36EB4E-F935-4EB8-8140-577F7F8E1E4A}.Debug|Any CPU.Build.0 = Debug|Any CPU
		{0B36EB4E-F935-4EB8-8140-577F7F8E1E4A}.Release|Any CPU.ActiveCfg = Release|Any CPU
		{0B36EB4E-F935-4EB8-8140-577F7F8E1E4A}.Release|Any CPU.Build.0 = Release|Any CPU
		{D318669B-294E-4AEC-A692-A212CA73BABE}.Debug|Any CPU.ActiveCfg = Debug|Any CPU
		{D318669B-294E-4AEC-A692-A212CA73BABE}.Debug|Any CPU.Build.0 = Debug|Any CPU
		{D318669B-294E-4AEC-A692-A212CA73BABE}.Release|Any CPU.ActiveCfg = Release|Any CPU
		{D318669B-294E-4AEC-A692-A212CA73BABE}.Release|Any CPU.Build.0 = Release|Any CPU
	EndGlobalSection
	GlobalSection(SolutionProperties) = preSolution
		HideSolutionNode = FALSE
	EndGlobalSection
	GlobalSection(ExtensibilityGlobals) = postSolution
		SolutionGuid = {63E7F899-8777-4F0D-AF32-F42548FE6EBC}
	EndGlobalSection
EndGlobal
